
Microsoft Visual Studio Solution File, Format Version 12.00
# Visual Studio 15
Project("{FAE04EC0-301F-11D3-BF4B-00C04F79EFBC}") = "Assembly-CSharp", "Assembly-CSharp.csproj", "{B5CF0B33-F84E-A36E-68EC-11946263020F}"
EndProject
Project("{FAE04EC0-301F-11D3-BF4B-00C04F79EFBC}") = "Assembly-CSharp-Editor", "Assembly-CSharp-Editor.csproj", "{0B557FF9-B155-E779-A3E7-1F30AA82A7F4}"
EndProject
Global
	GlobalSection(SolutionConfigurationPlatforms) = preSolution
		Debug|Any CPU = Debug|Any CPU
		Release|Any CPU = Release|Any CPU
	EndGlobalSection
	GlobalSection(ProjectConfigurationPlatforms) = postSolution
		{B5CF0B33-F84E-A36E-68EC-11946263020F}.Debug|Any CPU.ActiveCfg = Debug|Any CPU
		{B5CF0B33-F84E-A36E-68EC-11946263020F}.Debug|Any CPU.Build.0 = Debug|Any CPU
		{B5CF0B33-F84E-A36E-68EC-11946263020F}.Release|Any CPU.ActiveCfg = Release|Any CPU
		{B5CF0B33-F84E-A36E-68EC-11946263020F}.Release|Any CPU.Build.0 = Release|Any CPU
		{0B557FF9-B155-E779-A3E7-1F30AA82A7F4}.Debug|Any CPU.ActiveCfg = Debug|Any CPU
		{0B557FF9-B155-E779-A3E7-1F30AA82A7F4}.Debug|Any CPU.Build.0 = Debug|Any CPU
		{0B557FF9-B155-E779-A3E7-1F30AA82A7F4}.Release|Any CPU.ActiveCfg = Release|Any CPU
		{0B557FF9-B155-E779-A3E7-1F30AA82A7F4}.Release|Any CPU.Build.0 = Release|Any CPU
	EndGlobalSection
	GlobalSection(SolutionProperties) = preSolution
		HideSolutionNode = FALSE
	EndGlobalSection
EndGlobal
