
Microsoft Visual Studio Solution File, Format Version 12.00
# Visual Studio 15
Project("{FAE04EC0-301F-11D3-BF4B-00C04F79EFBC}") = "Assembly-CSharp", "Assembly-CSharp.csproj", "{850C1DCD-41FF-1942-E610-7DEE7BD2C78F}"
EndProject
Project("{FAE04EC0-301F-11D3-BF4B-00C04F79EFBC}") = "Assembly-CSharp-Editor", "Assembly-CSharp-Editor.csproj", "{11C2C442-EC57-2569-8AD0-0956D7F8705F}"
EndProject
Global
	GlobalSection(SolutionConfigurationPlatforms) = preSolution
		Debug|Any CPU = Debug|Any CPU
		Release|Any CPU = Release|Any CPU
	EndGlobalSection
	GlobalSection(ProjectConfigurationPlatforms) = postSolution
		{850C1DCD-41FF-1942-E610-7DEE7BD2C78F}.Debug|Any CPU.ActiveCfg = Debug|Any CPU
		{850C1DCD-41FF-1942-E610-7DEE7BD2C78F}.Debug|Any CPU.Build.0 = Debug|Any CPU
		{850C1DCD-41FF-1942-E610-7DEE7BD2C78F}.Release|Any CPU.ActiveCfg = Release|Any CPU
		{850C1DCD-41FF-1942-E610-7DEE7BD2C78F}.Release|Any CPU.Build.0 = Release|Any CPU
		{11C2C442-EC57-2569-8AD0-0956D7F8705F}.Debug|Any CPU.ActiveCfg = Debug|Any CPU
		{11C2C442-EC57-2569-8AD0-0956D7F8705F}.Debug|Any CPU.Build.0 = Debug|Any CPU
		{11C2C442-EC57-2569-8AD0-0956D7F8705F}.Release|Any CPU.ActiveCfg = Release|Any CPU
		{11C2C442-EC57-2569-8AD0-0956D7F8705F}.Release|Any CPU.Build.0 = Release|Any CPU
	EndGlobalSection
	GlobalSection(SolutionProperties) = preSolution
		HideSolutionNode = FALSE
	EndGlobalSection
EndGlobal
